
Microsoft Visual Studio Solution File, Format Version 12.00
# Visual Studio Version 16
VisualStudioVersion = 16.0.29709.97
MinimumVisualStudioVersion = 10.0.40219.1
Project("{9A19103F-16F7-4668-BE54-9A1E7A4F7556}") = "PaletteGenerator", "PaletteGenerator\PaletteGenerator.csproj", "{7CD9E5D8-1BD9-4338-AD1D-6A406ACFB751}"
EndProject
Project("{FAE04EC0-301F-11D3-BF4B-00C04F79EFBC}") = "PublishHelper", "PublishHelper\PublishHelper.csproj", "{1986FC98-BC7D-45EC-9B7D-2A1FD112CF08}"
EndProject
Global
	GlobalSection(SolutionConfigurationPlatforms) = preSolution
		Debug|Any CPU = Debug|Any CPU
		Release|Any CPU = Release|Any CPU
	EndGlobalSection
	GlobalSection(ProjectConfigurationPlatforms) = postSolution
		{7CD9E5D8-1BD9-4338-AD1D-6A406ACFB751}.Debug|Any CPU.ActiveCfg = Debug|Any CPU
		{7CD9E5D8-1BD9-4338-AD1D-6A406ACFB751}.Debug|Any CPU.Build.0 = Debug|Any CPU
		{7CD9E5D8-1BD9-4338-AD1D-6A406ACFB751}.Release|Any CPU.ActiveCfg = Release|Any CPU
		{7CD9E5D8-1BD9-4338-AD1D-6A406ACFB751}.Release|Any CPU.Build.0 = Release|Any CPU
		{1986FC98-BC7D-45EC-9B7D-2A1FD112CF08}.Debug|Any CPU.ActiveCfg = Debug|Any CPU
		{1986FC98-BC7D-45EC-9B7D-2A1FD112CF08}.Debug|Any CPU.Build.0 = Debug|Any CPU
		{1986FC98-BC7D-45EC-9B7D-2A1FD112CF08}.Release|Any CPU.ActiveCfg = Release|Any CPU
		{1986FC98-BC7D-45EC-9B7D-2A1FD112CF08}.Release|Any CPU.Build.0 = Release|Any CPU
	EndGlobalSection
	GlobalSection(SolutionProperties) = preSolution
		HideSolutionNode = FALSE
	EndGlobalSection
	GlobalSection(ExtensibilityGlobals) = postSolution
		SolutionGuid = {AFFB94D8-FDB6-45DA-94F9-B2ED9F0F4952}
	EndGlobalSection
EndGlobal
